
Microsoft Visual Studio Solution File, Format Version 12.00
# Visual Studio Version 17
VisualStudioVersion = 17.14.36414.22 d17.14
MinimumVisualStudioVersion = 10.0.40219.1
Project("{FAE04EC0-301F-11D3-BF4B-00C04F79EFBC}") = "CS365 - Calculator", "CS365 - Calculator.csproj", "{272B34AB-5D2D-4377-8720-74B9586255B6}"
EndProject
Global
	GlobalSection(SolutionConfigurationPlatforms) = preSolution
		Debug|Any CPU = Debug|Any CPU
		Release|Any CPU = Release|Any CPU
	EndGlobalSection
	GlobalSection(ProjectConfigurationPlatforms) = postSolution
		{272B34AB-5D2D-4377-8720-74B9586255B6}.Debug|Any CPU.ActiveCfg = Debug|Any CPU
		{272B34AB-5D2D-4377-8720-74B9586255B6}.Debug|Any CPU.Build.0 = Debug|Any CPU
		{272B34AB-5D2D-4377-8720-74B9586255B6}.Release|Any CPU.ActiveCfg = Release|Any CPU
		{272B34AB-5D2D-4377-8720-74B9586255B6}.Release|Any CPU.Build.0 = Release|Any CPU
	EndGlobalSection
	GlobalSection(SolutionProperties) = preSolution
		HideSolutionNode = FALSE
	EndGlobalSection
	GlobalSection(ExtensibilityGlobals) = postSolution
		SolutionGuid = {50EA3290-09B6-438D-8CCE-4ECC1BC76FEF}
	EndGlobalSection
EndGlobal
